
Microsoft Visual Studio Solution File, Format Version 12.00
# Visual Studio Version 16
VisualStudioVersion = 16.0.31105.61
MinimumVisualStudioVersion = 10.0.40219.1
Project("{FAE04EC0-301F-11D3-BF4B-00C04F79EFBC}") = "AlifLesson22HW30.03", "AlifLesson22HW30.03\AlifLesson22HW30.03.csproj", "{8420FD2F-807B-4140-82ED-FA9BD3F24634}"
EndProject
Global
	GlobalSection(SolutionConfigurationPlatforms) = preSolution
		Debug|Any CPU = Debug|Any CPU
		Release|Any CPU = Release|Any CPU
	EndGlobalSection
	GlobalSection(ProjectConfigurationPlatforms) = postSolution
		{8420FD2F-807B-4140-82ED-FA9BD3F24634}.Debug|Any CPU.ActiveCfg = Debug|Any CPU
		{8420FD2F-807B-4140-82ED-FA9BD3F24634}.Debug|Any CPU.Build.0 = Debug|Any CPU
		{8420FD2F-807B-4140-82ED-FA9BD3F24634}.Release|Any CPU.ActiveCfg = Release|Any CPU
		{8420FD2F-807B-4140-82ED-FA9BD3F24634}.Release|Any CPU.Build.0 = Release|Any CPU
	EndGlobalSection
	GlobalSection(SolutionProperties) = preSolution
		HideSolutionNode = FALSE
	EndGlobalSection
	GlobalSection(ExtensibilityGlobals) = postSolution
		SolutionGuid = {83BB829F-9733-46BE-B60E-0BD5CE3209BC}
	EndGlobalSection
EndGlobal
